// !$*UTF8*$!
{
	archiveVersion = 1;
	classes = {
	};
	objectVersion = 46;
	objects = {

/* Begin PBXBuildFile section */
		34500B691C2159F50016E43A /* main.c in Sources */ = {isa = PBXBuildFile; fileRef = 34500B681C2159F50016E43A /* main.c */; };
		34500B711C215A010016E43A /* Convert.c in Sources */ = {isa = PBXBuildFile; fileRef = 34500B6F1C215A010016E43A /* Convert.c */; };
/* End PBXBuildFile section */

/* Begin PBXCopyFilesBuildPhase section */
		34500B631C2159F50016E43A /* CopyFiles */ = {
			isa = PBXCopyFilesBuildPhase;
			buildActionMask = 2147483647;
			dstPath = /usr/share/man/man1/;
			dstSubfolderSpec = 0;
			files = (
			);
			runOnlyForDeploymentPostprocessing = 1;
		};
/* End PBXCopyFilesBuildPhase section */

/* Begin PBXFileReference section */
		34500B651C2159F50016E43A /* Utf82Unicode */ = {isa = PBXFileReference; explicitFileType = "compiled.mach-o.executable"; includeInIndex = 0; path = Utf82Unicode; sourceTree = BUILT_PRODUCTS_DIR; };
		34500B681C2159F50016E43A /* main.c */ = {isa = PBXFileReference; lastKnownFileType = sourcecode.c.c; path = main.c; sourceTree = "<group>"; };
		34500B6F1C215A010016E43A /* Convert.c */ = {isa = PBXFileReference; fileEncoding = 4; lastKnownFileType = sourcecode.c.c; path = Convert.c; sourceTree = "<group>"; };
		34500B701C215A010016E43A /* Convert.h */ = {isa = PBXFileReference; fileEncoding = 4; lastKnownFileType = sourcecode.c.h; path = Convert.h; sourceTree = "<group>"; };
/* End PBXFileReference section */

/* Begin PBXFrameworksBuildPhase section */
		34500B621C2159F50016E43A /* Frameworks */ = {
			isa = PBXFrameworksBuildPhase;
			buildActionMask = 2147483647;
			files = (
			);
			runOnlyForDeploymentPostprocessing = 0;
		};
/* End PBXFrameworksBuildPhase section */

/* Begin PBXGroup section */
		34500B5C1C2159F50016E43A = {
			isa = PBXGroup;
			children = (
				34500B671C2159F50016E43A /* Utf82Unicode */,
				34500B661C2159F50016E43A /* Products */,
			);
			sourceTree = "<group>";
		};
		34500B661C2159F50016E43A /* Products */ = {
			isa = PBXGroup;
			children = (
				34500B651C2159F50016E43A /* Utf82Unicode */,
			);
			name = Products;
			sourceTree = "<group>";
		};
		34500B671C2159F50016E43A /* Utf82Unicode */ = {
			isa = PBXGroup;
			children = (
				34500B6F1C215A010016E43A /* Convert.c */,
				34500B701C215A010016E43A /* Convert.h */,
				34500B681C2159F50016E43A /* main.c */,
			);
			path = Utf82Unicode;
			sourceTree = "<group>";
		};
/* End PBXGroup section */

/* Begin PBXNativeTarget section */
		34500B641C2159F50016E43A /* Utf82Unicode */ = {
			isa = PBXNativeTarget;
			buildConfigurationList = 34500B6C1C2159F50016E43A /* Build configuration list for PBXNativeTarget "Utf82Unicode" */;
			buildPhases = (
				34500B611C2159F50016E43A /* Sources */,
				34500B621C2159F50016E43A /* Frameworks */,
				34500B631C2159F50016E43A /* CopyFiles */,
			);
			buildRules = (
			);
			dependencies = (
			);
			name = Utf82Unicode;
			productName = Utf82Unicode;
			productReference = 34500B651C2159F50016E43A /* Utf82Unicode */;
			productType = "com.apple.product-type.tool";
		};
/* End PBXNativeTarget section */

/* Begin PBXProject section */
		34500B5D1C2159F50016E43A /* Project object */ = {
			isa = PBXProject;
			attributes = {
				LastUpgradeCheck = 0710;
				ORGANIZATIONNAME = 00000;
				TargetAttributes = {
					34500B641C2159F50016E43A = {
						CreatedOnToolsVersion = 7.1;
					};
				};
			};
			buildConfigurationList = 34500B601C2159F50016E43A /* Build configuration list for PBXProject "Utf82Unicode" */;
			compatibilityVersion = "Xcode 3.2";
			developmentRegion = English;
			hasScannedForEncodings = 0;
			knownRegions = (
				en,
			);
			mainGroup = 34500B5C1C2159F50016E43A;
			productRefGroup = 34500B661C2159F50016E43A /* Products */;
			projectDirPath = "";
			projectRoot = "";
			targets = (
				34500B641C2159F50016E43A /* Utf82Unicode */,
			);
		};
/* End PBXProject section */

/* Begin PBXSourcesBuildPhase section */
		34500B611C2159F50016E43A /* Sources */ = {
			isa = PBXSourcesBuildPhase;
			buildActionMask = 2147483647;
			files = (
				34500B691C2159F50016E43A /* main.c in Sources */,
				34500B711C215A010016E43A /* Convert.c in Sources */,
			);
			runOnlyForDeploymentPostprocessing = 0;
		};
/* End PBXSourcesBuildPhase section */

/* Begin XCBuildConfiguration section */
		34500B6A1C2159F50016E43A /* Debug */ = {
			isa = XCBuildConfiguration;
			buildSettings = {
				ALWAYS_SEARCH_USER_PATHS = NO;
				CLANG_CXX_LANGUAGE_STANDARD = "gnu++0x";
				CLANG_CXX_LIBRARY = "libc++";
				CLANG_ENABLE_MODULES = YES;
				CLANG_ENABLE_OBJC_ARC = YES;
				CLANG_WARN_BOOL_CONVERSION = YES;
				CLANG_WARN_CONSTANT_CONVERSION = YES;
				CLANG_WARN_DIRECT_OBJC_ISA_USAGE = YES_ERROR;
				CLANG_WARN_EMPTY_BODY = YES;
				CLANG_WARN_ENUM_CONVERSION = YES;
				CLANG_WARN_INT_CONVERSION = YES;
				CLANG_WARN_OBJC_ROOT_CLASS = YES_ERROR;
				CLANG_WARN_UNREACHABLE_CODE = YES;
				CLANG_WARN__DUPLICATE_METHOD_MATCH = YES;
				CODE_SIGN_IDENTITY = "-";
				COPY_PHASE_STRIP = NO;
				DEBUG_INFORMATION_FORMAT = dwarf;
				ENABLE_STRICT_OBJC_MSGSEND = YES;
				ENABLE_TESTABILITY = YES;
				GCC_C_LANGUAGE_STANDARD = gnu99;
				GCC_DYNAMIC_NO_PIC = NO;
				GCC_NO_COMMON_BLOCKS = YES;
				GCC_OPTIMIZATION_LEVEL = 0;
				GCC_PREPROCESSOR_DEFINITIONS = (
					"DEBUG=1",
					"$(inherited)",
				);
				GCC_WARN_64_TO_32_BIT_CONVERSION = YES;
				GCC_WARN_ABOUT_RETURN_TYPE = YES_ERROR;
				GCC_WARN_UNDECLARED_SELECTOR = YES;
				GCC_WARN_UNINITIALIZED_AUTOS = YES_AGGRESSIVE;
				GCC_WARN_UNUSED_FUNCTION = YES;
				GCC_WARN_UNUSED_VARIABLE = YES;
				MACOSX_DEPLOYMENT_TARGET = 10.11;
				MTL_ENABLE_DEBUG_INFO = YES;
				ONLY_ACTIVE_ARCH = YES;
				SDKROOT = macosx;
			};
			name = Debug;
		};
		34500B6B1C2159F50016E43A /* Release */ = {
			isa = XCBuildConfiguration;
			buildSettings = {
				ALWAYS_SEARCH_USER_PATHS = NO;
				CLANG_CXX_LANGUAGE_STANDARD = "gnu++0x";
				CLANG_CXX_LIBRARY = "libc++";
				CLANG_ENABLE_MODULES = YES;
				CLANG_ENABLE_OBJC_ARC = YES;
				CLANG_WARN_BOOL_CONVERSION = YES;
				CLANG_WARN_CONSTANT_CONVERSION = YES;
				CLANG_WARN_DIRECT_OBJC_ISA_USAGE = YES_ERROR;
				CLANG_WARN_EMPTY_BODY = YES;
				CLANG_WARN_ENUM_CONVERSION = YES;
				CLANG_WARN_INT_CONVERSION = YES;
				CLANG_WARN_OBJC_ROOT_CLASS = YES_ERROR;
				CLANG_WARN_UNREACHABLE_CODE = YES;
				CLANG_WARN__DUPLICATE_METHOD_MATCH = YES;
				CODE_SIGN_IDENTITY = "-";
				COPY_PHASE_STRIP = NO;
				DEBUG_INFORMATION_FORMAT = "dwarf-with-dsym";
				ENABLE_NS_ASSERTIONS = NO;
				ENABLE_STRICT_OBJC_MSGSEND = YES;
				GCC_C_LANGUAGE_STANDARD = gnu99;
				GCC_NO_COMMON_BLOCKS = YES;
				GCC_WARN_64_TO_32_BIT_CONVERSION = YES;
				GCC_WARN_ABOUT_RETURN_TYPE = YES_ERROR;
				GCC_WARN_UNDECLARED_SELECTOR = YES;
				GCC_WARN_UNINITIALIZED_AUTOS = YES_AGGRESSIVE;
				GCC_WARN_UNUSED_FUNCTION = YES;
				GCC_WARN_UNUSED_VARIABLE = YES;
				MACOSX_DEPLOYMENT_TARGET = 10.11;
				MTL_ENABLE_DEBUG_INFO = NO;
				SDKROOT = macosx;
			};
			name = Release;
		};
		34500B6D1C2159F50016E43A /* Debug */ = {
			isa = XCBuildConfiguration;
			buildSettings = {
				PRODUCT_NAME = "$(TARGET_NAME)";
			};
			name = Debug;
		};
		34500B6E1C2159F50016E43A /* Release */ = {
			isa = XCBuildConfiguration;
			buildSettings = {
				PRODUCT_NAME = "$(TARGET_NAME)";
			};
			name = Release;
		};
/* End XCBuildConfiguration section */

/* Begin XCConfigurationList section */
		34500B601C2159F50016E43A /* Build configuration list for PBXProject "Utf82Unicode" */ = {
			isa = XCConfigurationList;
			buildConfigurations = (
				34500B6A1C2159F50016E43A /* Debug */,
				34500B6B1C2159F50016E43A /* Release */,
			);
			defaultConfigurationIsVisible = 0;
			defaultConfigurationName = Release;
		};
		34500B6C1C2159F50016E43A /* Build configuration list for PBXNativeTarget "Utf82Unicode" */ = {
			isa = XCConfigurationList;
			buildConfigurations = (
				34500B6D1C2159F50016E43A /* Debug */,
				34500B6E1C2159F50016E43A /* Release */,
			);
			defaultConfigurationIsVisible = 0;
		};
/* End XCConfigurationList section */
	};
	rootObject = 34500B5D1C2159F50016E43A /* Project object */;
}
